# This file is automatically @generated by Poetry 1.6.1 and should not be changed by hand.

[[package]]
name = "protobuf"
version = "4.24.4"
description = ""
optional = false
python-versions = ">=3.7"
files = [
    {file = "protobuf-4.24.4-cp310-abi3-win32.whl", hash = "sha256:ec9912d5cb6714a5710e28e592ee1093d68c5ebfeda61983b3f40331da0b1ebb"},
    {file = "protobuf-4.24.4-cp310-abi3-win_amd64.whl", hash = "sha256:1badab72aa8a3a2b812eacfede5020472e16c6b2212d737cefd685884c191085"},
    {file = "protobuf-4.24.4-cp37-abi3-macosx_10_9_universal2.whl", hash = "sha256:8e61a27f362369c2f33248a0ff6896c20dcd47b5d48239cb9720134bef6082e4"},
    {file = "protobuf-4.24.4-cp37-abi3-manylinux2014_aarch64.whl", hash = "sha256:bffa46ad9612e6779d0e51ae586fde768339b791a50610d85eb162daeb23661e"},
    {file = "protobuf-4.24.4-cp37-abi3-manylinux2014_x86_64.whl", hash = "sha256:b493cb590960ff863743b9ff1452c413c2ee12b782f48beca77c8da3e2ffe9d9"},
    {file = "protobuf-4.24.4-cp37-cp37m-win32.whl", hash = "sha256:dbbed8a56e56cee8d9d522ce844a1379a72a70f453bde6243e3c86c30c2a3d46"},
    {file = "protobuf-4.24.4-cp37-cp37m-win_amd64.whl", hash = "sha256:6b7d2e1c753715dcfe9d284a25a52d67818dd43c4932574307daf836f0071e37"},
    {file = "protobuf-4.24.4-cp38-cp38-win32.whl", hash = "sha256:02212557a76cd99574775a81fefeba8738d0f668d6abd0c6b1d3adcc75503dbe"},
    {file = "protobuf-4.24.4-cp38-cp38-win_amd64.whl", hash = "sha256:2fa3886dfaae6b4c5ed2730d3bf47c7a38a72b3a1f0acb4d4caf68e6874b947b"},
    {file = "protobuf-4.24.4-cp39-cp39-win32.whl", hash = "sha256:b77272f3e28bb416e2071186cb39efd4abbf696d682cbb5dc731308ad37fa6dd"},
    {file = "protobuf-4.24.4-cp39-cp39-win_amd64.whl", hash = "sha256:9fee5e8aa20ef1b84123bb9232b3f4a5114d9897ed89b4b8142d81924e05d79b"},
    {file = "protobuf-4.24.4-py3-none-any.whl", hash = "sha256:80797ce7424f8c8d2f2547e2d42bfbb6c08230ce5832d6c099a37335c9c90a92"},
    {file = "protobuf-4.24.4.tar.gz", hash = "sha256:5a70731910cd9104762161719c3d883c960151eea077134458503723b60e3667"},
]

[[package]]
name = "python-dateutil"
version = "2.8.2"
description = "Extensions to the standard Python datetime module"
optional = false
python-versions = "!=3.0.*,!=3.1.*,!=3.2.*,>=2.7"
files = [
    {file = "python-dateutil-2.8.2.tar.gz", hash = "sha256:0123cacc1627ae19ddf3c27a5de5bd67ee4586fbdd6440d9748f8abb483d3e86"},
    {file = "python_dateutil-2.8.2-py2.py3-none-any.whl", hash = "sha256:961d03dc3453ebbc59dbdea9e4e11c5651520a876d0f4db161e8674aae935da9"},
]

[package.dependencies]
six = ">=1.5"

[[package]]
name = "ruff"
version = "0.1.4"
description = "An extremely fast Python linter and code formatter, written in Rust."
optional = false
python-versions = ">=3.7"
files = [
    {file = "ruff-0.1.4-py3-none-macosx_10_7_x86_64.whl", hash = "sha256:864958706b669cce31d629902175138ad8a069d99ca53514611521f532d91495"},
    {file = "ruff-0.1.4-py3-none-macosx_10_9_x86_64.macosx_11_0_arm64.macosx_10_9_universal2.whl", hash = "sha256:9fdd61883bb34317c788af87f4cd75dfee3a73f5ded714b77ba928e418d6e39e"},
    {file = "ruff-0.1.4-py3-none-manylinux_2_17_aarch64.manylinux2014_aarch64.whl", hash = "sha256:b4eaca8c9cc39aa7f0f0d7b8fe24ecb51232d1bb620fc4441a61161be4a17539"},
    {file = "ruff-0.1.4-py3-none-manylinux_2_17_armv7l.manylinux2014_armv7l.whl", hash = "sha256:a9a1301dc43cbf633fb603242bccd0aaa34834750a14a4c1817e2e5c8d60de17"},
    {file = "ruff-0.1.4-py3-none-manylinux_2_17_i686.manylinux2014_i686.whl", hash = "sha256:78e8db8ab6f100f02e28b3d713270c857d370b8d61871d5c7d1702ae411df683"},
    {file = "ruff-0.1.4-py3-none-manylinux_2_17_ppc64.manylinux2014_ppc64.whl", hash = "sha256:80fea754eaae06335784b8ea053d6eb8e9aac75359ebddd6fee0858e87c8d510"},
    {file = "ruff-0.1.4-py3-none-manylinux_2_17_ppc64le.manylinux2014_ppc64le.whl", hash = "sha256:6bc02a480d4bfffd163a723698da15d1a9aec2fced4c06f2a753f87f4ce6969c"},
    {file = "ruff-0.1.4-py3-none-manylinux_2_17_s390x.manylinux2014_s390x.whl", hash = "sha256:9862811b403063765b03e716dac0fda8fdbe78b675cd947ed5873506448acea4"},
    {file = "ruff-0.1.4-py3-none-manylinux_2_17_x86_64.manylinux2014_x86_64.whl", hash = "sha256:58826efb8b3efbb59bb306f4b19640b7e366967a31c049d49311d9eb3a4c60cb"},
    {file = "ruff-0.1.4-py3-none-musllinux_1_2_aarch64.whl", hash = "sha256:fdfd453fc91d9d86d6aaa33b1bafa69d114cf7421057868f0b79104079d3e66e"},
    {file = "ruff-0.1.4-py3-none-musllinux_1_2_armv7l.whl", hash = "sha256:e8791482d508bd0b36c76481ad3117987301b86072158bdb69d796503e1c84a8"},
    {file = "ruff-0.1.4-py3-none-musllinux_1_2_i686.whl", hash = "sha256:01206e361021426e3c1b7fba06ddcb20dbc5037d64f6841e5f2b21084dc51800"},
    {file = "ruff-0.1.4-py3-none-musllinux_1_2_x86_64.whl", hash = "sha256:645591a613a42cb7e5c2b667cbefd3877b21e0252b59272ba7212c3d35a5819f"},
    {file = "ruff-0.1.4-py3-none-win32.whl", hash = "sha256:99908ca2b3b85bffe7e1414275d004917d1e0dfc99d497ccd2ecd19ad115fd0d"},
    {file = "ruff-0.1.4-py3-none-win_amd64.whl", hash = "sha256:1dfd6bf8f6ad0a4ac99333f437e0ec168989adc5d837ecd38ddb2cc4a2e3db8a"},
    {file = "ruff-0.1.4-py3-none-win_arm64.whl", hash = "sha256:d98ae9ebf56444e18a3e3652b3383204748f73e247dea6caaf8b52d37e6b32da"},
    {file = "ruff-0.1.4.tar.gz", hash = "sha256:21520ecca4cc555162068d87c747b8f95e1e95f8ecfcbbe59e8dd00710586315"},
]

[[package]]
name = "six"
version = "1.16.0"
description = "Python 2 and 3 compatibility utilities"
optional = false
python-versions = ">=2.7, !=3.0.*, !=3.1.*, !=3.2.*"
files = [
    {file = "six-1.16.0-py2.py3-none-any.whl", hash = "sha256:8abb2f1d86890a2dfb989f9a77cfcfd3e47c2a354b01111771326f8aa26e0254"},
    {file = "six-1.16.0.tar.gz", hash = "sha256:1e61c37477a1626458e36f7b1d82aa5c9b094fa4802892072e49de9c60c4c926"},
]

[[package]]
name = "temporalio"
version = "1.3.0"
description = "Temporal.io Python SDK"
optional = false
python-versions = ">=3.7,<4.0"
files = [
    {file = "temporalio-1.3.0-cp37-abi3-macosx_10_9_x86_64.whl", hash = "sha256:174c4bd116df56ad9e07f7ca12fc4153af48df0bf95ae7de9753169af7db7ac7"},
    {file = "temporalio-1.3.0-cp37-abi3-manylinux2014_aarch64.manylinux_2_17_aarch64.whl", hash = "sha256:5d169e0a82f014d59b628a9a51a24baed78c770ebb6abe85bdd17ca50a9abffe"},
    {file = "temporalio-1.3.0-cp37-abi3-manylinux2014_x86_64.manylinux_2_17_x86_64.whl", hash = "sha256:3ba8ab00b1a7a9444220f19e49557659901a00901a11eb9787886f2a19539699"},
    {file = "temporalio-1.3.0-cp37-abi3-win_amd64.whl", hash = "sha256:6f98de2414167e341cf16d7d9aab4ef3fe6ea5381867cd2dfa85564a5109d17b"},
    {file = "temporalio-1.3.0-cp38-abi3-macosx_11_0_arm64.whl", hash = "sha256:8dd07c5e6bd3b5c8ef211b6761d9a00f647481b703b43931e8ff161e4a59e23d"},
    {file = "temporalio-1.3.0.tar.gz", hash = "sha256:0eab4916ec9383d59364ab764e6b7e1aa7df8189c5ade969de4bac4e121c95fd"},
]

[package.dependencies]
protobuf = ">=3.20"
python-dateutil = {version = ">=2.8.2,<3.0.0", markers = "python_version < \"3.11\""}
types-protobuf = ">=3.20"
typing-extensions = ">=4.2.0,<5.0.0"

[package.extras]
grpc = ["grpcio (>=1.48.0,<2.0.0)"]
opentelemetry = ["opentelemetry-api (>=1.11.1,<2.0.0)", "opentelemetry-sdk (>=1.11.1,<2.0.0)"]

[[package]]
name = "types-protobuf"
version = "4.24.0.4"
description = "Typing stubs for protobuf"
optional = false
python-versions = ">=3.7"
files = [
    {file = "types-protobuf-4.24.0.4.tar.gz", hash = "sha256:57ab42cb171dfdba2c74bb5b50c250478538cc3c5ed95b8b368929ad0c9f90a5"},
    {file = "types_protobuf-4.24.0.4-py3-none-any.whl", hash = "sha256:131ab7d0cbc9e444bc89c994141327dcce7bcaeded72b1acb72a94827eb9c7af"},
]

[[package]]
name = "typing-extensions"
version = "4.7.1"
description = "Backported and Experimental Type Hints for Python 3.7+"
optional = false
python-versions = ">=3.7"
files = [
    {file = "typing_extensions-4.7.1-py3-none-any.whl", hash = "sha256:440d5dd3af93b060174bf433bccd69b0babc3b15b1a8dca43789fd7f61514b36"},
    {file = "typing_extensions-4.7.1.tar.gz", hash = "sha256:b75ddc264f0ba5615db7ba217daeb99701ad295353c45f9e95963337ceeeffb2"},
]

[metadata]
lock-version = "2.0"
python-versions = "^3.7"
content-hash = "b8b673b1c321cfd4fcd4cf95f0646c93b527c08abedf1a19caaa078d872727bf"
